
Microsoft Visual Studio Solution File, Format Version 12.00
# Visual Studio Version 16
VisualStudioVersion = 16.0.29306.81
MinimumVisualStudioVersion = 10.0.40219.1
Project("{FAE04EC0-301F-11D3-BF4B-00C04F79EFBC}") = "Gothic 2 Online Launcher", "Gothic 2 Online Launcher\Gothic 2 Online Launcher.csproj", "{3C1B7A41-C46B-4C99-8A89-D14088F8B935}"
EndProject
Global
	GlobalSection(SolutionConfigurationPlatforms) = preSolution
		Debug|Any CPU = Debug|Any CPU
		Release|Any CPU = Release|Any CPU
	EndGlobalSection
	GlobalSection(ProjectConfigurationPlatforms) = postSolution
		{3C1B7A41-C46B-4C99-8A89-D14088F8B935}.Debug|Any CPU.ActiveCfg = Debug|Any CPU
		{3C1B7A41-C46B-4C99-8A89-D14088F8B935}.Debug|Any CPU.Build.0 = Debug|Any CPU
		{3C1B7A41-C46B-4C99-8A89-D14088F8B935}.Release|Any CPU.ActiveCfg = Release|Any CPU
		{3C1B7A41-C46B-4C99-8A89-D14088F8B935}.Release|Any CPU.Build.0 = Release|Any CPU
	EndGlobalSection
	GlobalSection(SolutionProperties) = preSolution
		HideSolutionNode = FALSE
	EndGlobalSection
	GlobalSection(ExtensibilityGlobals) = postSolution
		SolutionGuid = {16FE6A42-8270-4E13-8499-535A490202EA}
	EndGlobalSection
EndGlobal
